// !$*UTF8*$!
{
	archiveVersion = 1;
	classes = {
	};
	objectVersion = 46;
	objects = {

/* Begin PBXBuildFile section */
		4444A959F2A46AB26F202BAC /* Pods_Abracadabra.framework in Frameworks */ = {isa = PBXBuildFile; fileRef = 0C1AE293DCFEE616A4940E69 /* Pods_Abracadabra.framework */; };
		54140A511A7FBADA00A08BEF /* SPXSecurityTestClass.m in Sources */ = {isa = PBXBuildFile; fileRef = 54140A501A7FBADA00A08BEF /* SPXSecurityTestClass.m */; };
		546E07C01A7FADC400AEF796 /* SPXSecureEventsStoreSpec.m in Sources */ = {isa = PBXBuildFile; fileRef = 546E07BF1A7FADC400AEF796 /* SPXSecureEventsStoreSpec.m */; };
		6003F58E195388D20070C39A /* Foundation.framework in Frameworks */ = {isa = PBXBuildFile; fileRef = 6003F58D195388D20070C39A /* Foundation.framework */; };
		6003F590195388D20070C39A /* CoreGraphics.framework in Frameworks */ = {isa = PBXBuildFile; fileRef = 6003F58F195388D20070C39A /* CoreGraphics.framework */; };
		6003F592195388D20070C39A /* UIKit.framework in Frameworks */ = {isa = PBXBuildFile; fileRef = 6003F591195388D20070C39A /* UIKit.framework */; };
		6003F598195388D20070C39A /* InfoPlist.strings in Resources */ = {isa = PBXBuildFile; fileRef = 6003F596195388D20070C39A /* InfoPlist.strings */; };
		6003F59A195388D20070C39A /* main.m in Sources */ = {isa = PBXBuildFile; fileRef = 6003F599195388D20070C39A /* main.m */; };
		6003F59E195388D20070C39A /* SPXAppDelegate.m in Sources */ = {isa = PBXBuildFile; fileRef = 6003F59D195388D20070C39A /* SPXAppDelegate.m */; };
		6003F5A1195388D20070C39A /* Main_iPhone.storyboard in Resources */ = {isa = PBXBuildFile; fileRef = 6003F59F195388D20070C39A /* Main_iPhone.storyboard */; };
		6003F5A4195388D20070C39A /* Main_iPad.storyboard in Resources */ = {isa = PBXBuildFile; fileRef = 6003F5A2195388D20070C39A /* Main_iPad.storyboard */; };
		6003F5A7195388D20070C39A /* SPXViewController.m in Sources */ = {isa = PBXBuildFile; fileRef = 6003F5A6195388D20070C39A /* SPXViewController.m */; };
		6003F5A9195388D20070C39A /* Images.xcassets in Resources */ = {isa = PBXBuildFile; fileRef = 6003F5A8195388D20070C39A /* Images.xcassets */; };
		6003F5B0195388D20070C39A /* XCTest.framework in Frameworks */ = {isa = PBXBuildFile; fileRef = 6003F5AF195388D20070C39A /* XCTest.framework */; };
		6003F5B1195388D20070C39A /* Foundation.framework in Frameworks */ = {isa = PBXBuildFile; fileRef = 6003F58D195388D20070C39A /* Foundation.framework */; };
		6003F5B2195388D20070C39A /* UIKit.framework in Frameworks */ = {isa = PBXBuildFile; fileRef = 6003F591195388D20070C39A /* UIKit.framework */; };
		6003F5BA195388D20070C39A /* InfoPlist.strings in Resources */ = {isa = PBXBuildFile; fileRef = 6003F5B8195388D20070C39A /* InfoPlist.strings */; };
		DEB9CEF7569C021153707F29 /* Pods_Tests.framework in Frameworks */ = {isa = PBXBuildFile; fileRef = C69DC21437E3B153B4D9BD20 /* Pods_Tests.framework */; };
/* End PBXBuildFile section */

/* Begin PBXContainerItemProxy section */
		6003F5B3195388D20070C39A /* PBXContainerItemProxy */ = {
			isa = PBXContainerItemProxy;
			containerPortal = 6003F582195388D10070C39A /* Project object */;
			proxyType = 1;
			remoteGlobalIDString = 6003F589195388D20070C39A;
			remoteInfo = Abracadabra;
		};
/* End PBXContainerItemProxy section */

/* Begin PBXFileReference section */
		0C1AE293DCFEE616A4940E69 /* Pods_Abracadabra.framework */ = {isa = PBXFileReference; explicitFileType = wrapper.framework; includeInIndex = 0; path = Pods_Abracadabra.framework; sourceTree = BUILT_PRODUCTS_DIR; };
		20599F836ED63AC5F429894A /* Pods-Tests.debug.xcconfig */ = {isa = PBXFileReference; includeInIndex = 1; lastKnownFileType = text.xcconfig; name = "Pods-Tests.debug.xcconfig"; path = "Pods/Target Support Files/Pods-Tests/Pods-Tests.debug.xcconfig"; sourceTree = "<group>"; };
		27EED8DF55D74A3F3F471B7B /* Pods-Abracadabra.release.xcconfig */ = {isa = PBXFileReference; includeInIndex = 1; lastKnownFileType = text.xcconfig; name = "Pods-Abracadabra.release.xcconfig"; path = "Pods/Target Support Files/Pods-Abracadabra/Pods-Abracadabra.release.xcconfig"; sourceTree = "<group>"; };
		54140A4F1A7FBADA00A08BEF /* SPXSecurityTestClass.h */ = {isa = PBXFileReference; fileEncoding = 4; lastKnownFileType = sourcecode.c.h; path = SPXSecurityTestClass.h; sourceTree = "<group>"; };
		54140A501A7FBADA00A08BEF /* SPXSecurityTestClass.m */ = {isa = PBXFileReference; fileEncoding = 4; lastKnownFileType = sourcecode.c.objc; path = SPXSecurityTestClass.m; sourceTree = "<group>"; };
		546E07BF1A7FADC400AEF796 /* SPXSecureEventsStoreSpec.m */ = {isa = PBXFileReference; fileEncoding = 4; lastKnownFileType = sourcecode.c.objc; path = SPXSecureEventsStoreSpec.m; sourceTree = "<group>"; };
		54FA80A21BF13F1200B748E1 /* Abracadabra.h */ = {isa = PBXFileReference; lastKnownFileType = sourcecode.c.h; path = Abracadabra.h; sourceTree = "<group>"; };
		54FA80A41BF13F1200B748E1 /* NSData+SPXSecureAdditions.h */ = {isa = PBXFileReference; lastKnownFileType = sourcecode.c.h; path = "NSData+SPXSecureAdditions.h"; sourceTree = "<group>"; };
		54FA80A51BF13F1200B748E1 /* NSData+SPXSecureAdditions.m */ = {isa = PBXFileReference; lastKnownFileType = sourcecode.c.objc; path = "NSData+SPXSecureAdditions.m"; sourceTree = "<group>"; };
		54FA80A71BF13F1200B748E1 /* SPXSecurityInternal.h */ = {isa = PBXFileReference; lastKnownFileType = sourcecode.c.h; path = SPXSecurityInternal.h; sourceTree = "<group>"; };
		54FA80A81BF13F1200B748E1 /* SPXSecurityInternal.m */ = {isa = PBXFileReference; lastKnownFileType = sourcecode.c.objc; path = SPXSecurityInternal.m; sourceTree = "<group>"; };
		54FA80AA1BF13F1200B748E1 /* SPXSecureEvent.h */ = {isa = PBXFileReference; lastKnownFileType = sourcecode.c.h; path = SPXSecureEvent.h; sourceTree = "<group>"; };
		54FA80AB1BF13F1200B748E1 /* SPXSecureEvent.m */ = {isa = PBXFileReference; lastKnownFileType = sourcecode.c.objc; path = SPXSecureEvent.m; sourceTree = "<group>"; };
		54FA80AC1BF13F1200B748E1 /* SPXSecureEventsGroup.h */ = {isa = PBXFileReference; lastKnownFileType = sourcecode.c.h; path = SPXSecureEventsGroup.h; sourceTree = "<group>"; };
		54FA80AD1BF13F1200B748E1 /* SPXSecureEventsGroup.m */ = {isa = PBXFileReference; lastKnownFileType = sourcecode.c.objc; path = SPXSecureEventsGroup.m; sourceTree = "<group>"; };
		54FA80AE1BF13F1200B748E1 /* SPXSecureEventsStore.h */ = {isa = PBXFileReference; lastKnownFileType = sourcecode.c.h; path = SPXSecureEventsStore.h; sourceTree = "<group>"; };
		54FA80AF1BF13F1200B748E1 /* SPXSecureEventsStore.m */ = {isa = PBXFileReference; lastKnownFileType = sourcecode.c.objc; path = SPXSecureEventsStore.m; sourceTree = "<group>"; };
		54FA80B01BF13F1200B748E1 /* SPXSecureDefines.h */ = {isa = PBXFileReference; lastKnownFileType = sourcecode.c.h; path = SPXSecureDefines.h; sourceTree = "<group>"; };
		54FA80B21BF13F1200B748E1 /* SPXSecureCredential.h */ = {isa = PBXFileReference; lastKnownFileType = sourcecode.c.h; path = SPXSecureCredential.h; sourceTree = "<group>"; };
		54FA80B31BF13F1200B748E1 /* SPXSecureCredential.m */ = {isa = PBXFileReference; lastKnownFileType = sourcecode.c.objc; path = SPXSecureCredential.m; sourceTree = "<group>"; };
		54FA80B41BF13F1200B748E1 /* SPXSecurePresentationConfiguration.h */ = {isa = PBXFileReference; lastKnownFileType = sourcecode.c.h; path = SPXSecurePresentationConfiguration.h; sourceTree = "<group>"; };
		54FA80B51BF13F1200B748E1 /* SPXSecurePresentationConfiguration.m */ = {isa = PBXFileReference; lastKnownFileType = sourcecode.c.objc; path = SPXSecurePresentationConfiguration.m; sourceTree = "<group>"; };
		54FA80B61BF13F1200B748E1 /* SPXSecureSession.h */ = {isa = PBXFileReference; lastKnownFileType = sourcecode.c.h; path = SPXSecureSession.h; sourceTree = "<group>"; };
		54FA80B71BF13F1200B748E1 /* SPXSecureSession.m */ = {isa = PBXFileReference; lastKnownFileType = sourcecode.c.objc; path = SPXSecureSession.m; sourceTree = "<group>"; };
		54FA80B81BF13F1200B748E1 /* SPXSecureVault.h */ = {isa = PBXFileReference; lastKnownFileType = sourcecode.c.h; path = SPXSecureVault.h; sourceTree = "<group>"; };
		54FA80B91BF13F1200B748E1 /* SPXSecureVault.m */ = {isa = PBXFileReference; lastKnownFileType = sourcecode.c.objc; path = SPXSecureVault.m; sourceTree = "<group>"; };
		54FA80BC1BF13F1200B748E1 /* SPXEventsViewController.h */ = {isa = PBXFileReference; lastKnownFileType = sourcecode.c.h; path = SPXEventsViewController.h; sourceTree = "<group>"; };
		54FA80BD1BF13F1200B748E1 /* SPXEventsViewController.m */ = {isa = PBXFileReference; lastKnownFileType = sourcecode.c.objc; path = SPXEventsViewController.m; sourceTree = "<group>"; };
		54FA80BE1BF13F1200B748E1 /* SPXPoliciesViewController.h */ = {isa = PBXFileReference; lastKnownFileType = sourcecode.c.h; path = SPXPoliciesViewController.h; sourceTree = "<group>"; };
		54FA80BF1BF13F1200B748E1 /* SPXPoliciesViewController.m */ = {isa = PBXFileReference; lastKnownFileType = sourcecode.c.objc; path = SPXPoliciesViewController.m; sourceTree = "<group>"; };
		54FA80C11BF13F1200B748E1 /* SPXAudio.h */ = {isa = PBXFileReference; lastKnownFileType = sourcecode.c.h; path = SPXAudio.h; sourceTree = "<group>"; };
		54FA80C21BF13F1200B748E1 /* SPXAudio.m */ = {isa = PBXFileReference; lastKnownFileType = sourcecode.c.objc; path = SPXAudio.m; sourceTree = "<group>"; };
		54FA80C31BF13F1200B748E1 /* SPXPasscodeLayout.h */ = {isa = PBXFileReference; lastKnownFileType = sourcecode.c.h; path = SPXPasscodeLayout.h; sourceTree = "<group>"; };
		54FA80C41BF13F1200B748E1 /* SPXPasscodeLayout.m */ = {isa = PBXFileReference; lastKnownFileType = sourcecode.c.objc; path = SPXPasscodeLayout.m; sourceTree = "<group>"; };
		54FA80C51BF13F1200B748E1 /* SPXPasscodeViewController.h */ = {isa = PBXFileReference; lastKnownFileType = sourcecode.c.h; path = SPXPasscodeViewController.h; sourceTree = "<group>"; };
		54FA80C61BF13F1200B748E1 /* SPXPasscodeViewController.m */ = {isa = PBXFileReference; lastKnownFileType = sourcecode.c.objc; path = SPXPasscodeViewController.m; sourceTree = "<group>"; };
		54FA80C71BF13F1200B748E1 /* SPXSecureField.h */ = {isa = PBXFileReference; lastKnownFileType = sourcecode.c.h; path = SPXSecureField.h; sourceTree = "<group>"; };
		54FA80C81BF13F1200B748E1 /* SPXSecureField.m */ = {isa = PBXFileReference; lastKnownFileType = sourcecode.c.objc; path = SPXSecureField.m; sourceTree = "<group>"; };
		54FA80C91BF13F1200B748E1 /* SPXSecureKeyCell.h */ = {isa = PBXFileReference; lastKnownFileType = sourcecode.c.h; path = SPXSecureKeyCell.h; sourceTree = "<group>"; };
		54FA80CA1BF13F1200B748E1 /* SPXSecureKeyCell.m */ = {isa = PBXFileReference; lastKnownFileType = sourcecode.c.objc; path = SPXSecureKeyCell.m; sourceTree = "<group>"; };
		54FA80CB1BF13F1200B748E1 /* SPXSecureKeyCellBackground.h */ = {isa = PBXFileReference; lastKnownFileType = sourcecode.c.h; path = SPXSecureKeyCellBackground.h; sourceTree = "<group>"; };
		54FA80CC1BF13F1200B748E1 /* SPXSecureKeyCellBackground.m */ = {isa = PBXFileReference; lastKnownFileType = sourcecode.c.objc; path = SPXSecureKeyCellBackground.m; sourceTree = "<group>"; };
		54FA80CD1BF13F1200B748E1 /* UIImage+SPXSecureAdditions.h */ = {isa = PBXFileReference; lastKnownFileType = sourcecode.c.h; path = "UIImage+SPXSecureAdditions.h"; sourceTree = "<group>"; };
		54FA80CE1BF13F1200B748E1 /* UIImage+SPXSecureAdditions.m */ = {isa = PBXFileReference; lastKnownFileType = sourcecode.c.objc; path = "UIImage+SPXSecureAdditions.m"; sourceTree = "<group>"; };
		6003F58A195388D20070C39A /* Abracadabra.app */ = {isa = PBXFileReference; explicitFileType = wrapper.application; includeInIndex = 0; path = Abracadabra.app; sourceTree = BUILT_PRODUCTS_DIR; };
		6003F58D195388D20070C39A /* Foundation.framework */ = {isa = PBXFileReference; lastKnownFileType = wrapper.framework; name = Foundation.framework; path = System/Library/Frameworks/Foundation.framework; sourceTree = SDKROOT; };
		6003F58F195388D20070C39A /* CoreGraphics.framework */ = {isa = PBXFileReference; lastKnownFileType = wrapper.framework; name = CoreGraphics.framework; path = System/Library/Frameworks/CoreGraphics.framework; sourceTree = SDKROOT; };
		6003F591195388D20070C39A /* UIKit.framework */ = {isa = PBXFileReference; lastKnownFileType = wrapper.framework; name = UIKit.framework; path = System/Library/Frameworks/UIKit.framework; sourceTree = SDKROOT; };
		6003F595195388D20070C39A /* Abracadabra-Info.plist */ = {isa = PBXFileReference; lastKnownFileType = text.plist.xml; path = "Abracadabra-Info.plist"; sourceTree = "<group>"; };
		6003F597195388D20070C39A /* en */ = {isa = PBXFileReference; lastKnownFileType = text.plist.strings; name = en; path = en.lproj/InfoPlist.strings; sourceTree = "<group>"; };
		6003F599195388D20070C39A /* main.m */ = {isa = PBXFileReference; lastKnownFileType = sourcecode.c.objc; path = main.m; sourceTree = "<group>"; };
		6003F59B195388D20070C39A /* Abracadabra-Prefix.pch */ = {isa = PBXFileReference; lastKnownFileType = sourcecode.c.h; path = "Abracadabra-Prefix.pch"; sourceTree = "<group>"; };
		6003F59C195388D20070C39A /* SPXAppDelegate.h */ = {isa = PBXFileReference; lastKnownFileType = sourcecode.c.h; path = SPXAppDelegate.h; sourceTree = "<group>"; };
		6003F59D195388D20070C39A /* SPXAppDelegate.m */ = {isa = PBXFileReference; lastKnownFileType = sourcecode.c.objc; path = SPXAppDelegate.m; sourceTree = "<group>"; };
		6003F5A0195388D20070C39A /* Base */ = {isa = PBXFileReference; lastKnownFileType = file.storyboard; name = Base; path = Base.lproj/Main_iPhone.storyboard; sourceTree = "<group>"; };
		6003F5A3195388D20070C39A /* Base */ = {isa = PBXFileReference; lastKnownFileType = file.storyboard; name = Base; path = Base.lproj/Main_iPad.storyboard; sourceTree = "<group>"; };
		6003F5A5195388D20070C39A /* SPXViewController.h */ = {isa = PBXFileReference; lastKnownFileType = sourcecode.c.h; path = SPXViewController.h; sourceTree = "<group>"; };
		6003F5A6195388D20070C39A /* SPXViewController.m */ = {isa = PBXFileReference; lastKnownFileType = sourcecode.c.objc; path = SPXViewController.m; sourceTree = "<group>"; };
		6003F5A8195388D20070C39A /* Images.xcassets */ = {isa = PBXFileReference; lastKnownFileType = folder.assetcatalog; path = Images.xcassets; sourceTree = "<group>"; };
		6003F5AE195388D20070C39A /* Tests.xctest */ = {isa = PBXFileReference; explicitFileType = wrapper.cfbundle; includeInIndex = 0; path = Tests.xctest; sourceTree = BUILT_PRODUCTS_DIR; };
		6003F5AF195388D20070C39A /* XCTest.framework */ = {isa = PBXFileReference; lastKnownFileType = wrapper.framework; name = XCTest.framework; path = Library/Frameworks/XCTest.framework; sourceTree = DEVELOPER_DIR; };
		6003F5B7195388D20070C39A /* Tests-Info.plist */ = {isa = PBXFileReference; lastKnownFileType = text.plist.xml; path = "Tests-Info.plist"; sourceTree = "<group>"; };
		6003F5B9195388D20070C39A /* en */ = {isa = PBXFileReference; lastKnownFileType = text.plist.strings; name = en; path = en.lproj/InfoPlist.strings; sourceTree = "<group>"; };
		606FC2411953D9B200FFA9A0 /* Tests-Prefix.pch */ = {isa = PBXFileReference; lastKnownFileType = sourcecode.c.h; path = "Tests-Prefix.pch"; sourceTree = "<group>"; };
		6B4122DA84FB214E19F7C8D5 /* LICENSE */ = {isa = PBXFileReference; includeInIndex = 1; lastKnownFileType = text; name = LICENSE; path = ../LICENSE; sourceTree = "<group>"; };
		A53C4D354471A9DB03E5187F /* Abracadabra.podspec */ = {isa = PBXFileReference; explicitFileType = text.script.ruby; includeInIndex = 1; name = Abracadabra.podspec; path = ../Abracadabra.podspec; sourceTree = "<group>"; };
		B218508F3532B05AF447796A /* Pods-Tests.release.xcconfig */ = {isa = PBXFileReference; includeInIndex = 1; lastKnownFileType = text.xcconfig; name = "Pods-Tests.release.xcconfig"; path = "Pods/Target Support Files/Pods-Tests/Pods-Tests.release.xcconfig"; sourceTree = "<group>"; };
		C09D24DDB07EFAB59E5F4CE0 /* README.md */ = {isa = PBXFileReference; includeInIndex = 1; lastKnownFileType = net.daringfireball.markdown; name = README.md; path = ../README.md; sourceTree = "<group>"; };
		C69DC21437E3B153B4D9BD20 /* Pods_Tests.framework */ = {isa = PBXFileReference; explicitFileType = wrapper.framework; includeInIndex = 0; path = Pods_Tests.framework; sourceTree = BUILT_PRODUCTS_DIR; };
		FED240D2AA812ACA0EDC359D /* Pods-Abracadabra.debug.xcconfig */ = {isa = PBXFileReference; includeInIndex = 1; lastKnownFileType = text.xcconfig; name = "Pods-Abracadabra.debug.xcconfig"; path = "Pods/Target Support Files/Pods-Abracadabra/Pods-Abracadabra.debug.xcconfig"; sourceTree = "<group>"; };
/* End PBXFileReference section */

/* Begin PBXFrameworksBuildPhase section */
		6003F587195388D20070C39A /* Frameworks */ = {
			isa = PBXFrameworksBuildPhase;
			buildActionMask = 2147483647;
			files = (
				6003F590195388D20070C39A /* CoreGraphics.framework in Frameworks */,
				6003F592195388D20070C39A /* UIKit.framework in Frameworks */,
				6003F58E195388D20070C39A /* Foundation.framework in Frameworks */,
				4444A959F2A46AB26F202BAC /* Pods_Abracadabra.framework in Frameworks */,
			);
			runOnlyForDeploymentPostprocessing = 0;
		};
		6003F5AB195388D20070C39A /* Frameworks */ = {
			isa = PBXFrameworksBuildPhase;
			buildActionMask = 2147483647;
			files = (
				6003F5B0195388D20070C39A /* XCTest.framework in Frameworks */,
				6003F5B2195388D20070C39A /* UIKit.framework in Frameworks */,
				6003F5B1195388D20070C39A /* Foundation.framework in Frameworks */,
				DEB9CEF7569C021153707F29 /* Pods_Tests.framework in Frameworks */,
			);
			runOnlyForDeploymentPostprocessing = 0;
		};
/* End PBXFrameworksBuildPhase section */

/* Begin PBXGroup section */
		54140A521A7FBAE000A08BEF /* Abracadara */ = {
			isa = PBXGroup;
			children = (
				546E07BF1A7FADC400AEF796 /* SPXSecureEventsStoreSpec.m */,
				54140A4F1A7FBADA00A08BEF /* SPXSecurityTestClass.h */,
				54140A501A7FBADA00A08BEF /* SPXSecurityTestClass.m */,
			);
			name = Abracadara;
			sourceTree = "<group>";
		};
		54FA80A01BF13F1200B748E1 /* Classes */ = {
			isa = PBXGroup;
			children = (
				54FA80A11BF13F1200B748E1 /* Core */,
				54FA80BA1BF13F1200B748E1 /* UI */,
			);
			name = Classes;
			path = ../Pod/Classes;
			sourceTree = "<group>";
		};
		54FA80A11BF13F1200B748E1 /* Core */ = {
			isa = PBXGroup;
			children = (
				54FA80A21BF13F1200B748E1 /* Abracadabra.h */,
				54FA80A31BF13F1200B748E1 /* Helpers */,
				54FA80A61BF13F1200B748E1 /* Internal */,
				54FA80A91BF13F1200B748E1 /* Model */,
				54FA80B01BF13F1200B748E1 /* SPXSecureDefines.h */,
				54FA80B11BF13F1200B748E1 /* Vault */,
			);
			path = Core;
			sourceTree = "<group>";
		};
		54FA80A31BF13F1200B748E1 /* Helpers */ = {
			isa = PBXGroup;
			children = (
				54FA80A41BF13F1200B748E1 /* NSData+SPXSecureAdditions.h */,
				54FA80A51BF13F1200B748E1 /* NSData+SPXSecureAdditions.m */,
			);
			path = Helpers;
			sourceTree = "<group>";
		};
		54FA80A61BF13F1200B748E1 /* Internal */ = {
			isa = PBXGroup;
			children = (
				54FA80A71BF13F1200B748E1 /* SPXSecurityInternal.h */,
				54FA80A81BF13F1200B748E1 /* SPXSecurityInternal.m */,
			);
			path = Internal;
			sourceTree = "<group>";
		};
		54FA80A91BF13F1200B748E1 /* Model */ = {
			isa = PBXGroup;
			children = (
				54FA80AA1BF13F1200B748E1 /* SPXSecureEvent.h */,
				54FA80AB1BF13F1200B748E1 /* SPXSecureEvent.m */,
				54FA80AC1BF13F1200B748E1 /* SPXSecureEventsGroup.h */,
				54FA80AD1BF13F1200B748E1 /* SPXSecureEventsGroup.m */,
				54FA80AE1BF13F1200B748E1 /* SPXSecureEventsStore.h */,
				54FA80AF1BF13F1200B748E1 /* SPXSecureEventsStore.m */,
			);
			path = Model;
			sourceTree = "<group>";
		};
		54FA80B11BF13F1200B748E1 /* Vault */ = {
			isa = PBXGroup;
			children = (
				54FA80B21BF13F1200B748E1 /* SPXSecureCredential.h */,
				54FA80B31BF13F1200B748E1 /* SPXSecureCredential.m */,
				54FA80B41BF13F1200B748E1 /* SPXSecurePresentationConfiguration.h */,
				54FA80B51BF13F1200B748E1 /* SPXSecurePresentationConfiguration.m */,
				54FA80B61BF13F1200B748E1 /* SPXSecureSession.h */,
				54FA80B71BF13F1200B748E1 /* SPXSecureSession.m */,
				54FA80B81BF13F1200B748E1 /* SPXSecureVault.h */,
				54FA80B91BF13F1200B748E1 /* SPXSecureVault.m */,
			);
			path = Vault;
			sourceTree = "<group>";
		};
		54FA80BA1BF13F1200B748E1 /* UI */ = {
			isa = PBXGroup;
			children = (
				54FA80BB1BF13F1200B748E1 /* Events */,
				54FA80C01BF13F1200B748E1 /* Passcode */,
				54FA80CD1BF13F1200B748E1 /* UIImage+SPXSecureAdditions.h */,
				54FA80CE1BF13F1200B748E1 /* UIImage+SPXSecureAdditions.m */,
			);
			path = UI;
			sourceTree = "<group>";
		};
		54FA80BB1BF13F1200B748E1 /* Events */ = {
			isa = PBXGroup;
			children = (
				54FA80BC1BF13F1200B748E1 /* SPXEventsViewController.h */,
				54FA80BD1BF13F1200B748E1 /* SPXEventsViewController.m */,
				54FA80BE1BF13F1200B748E1 /* SPXPoliciesViewController.h */,
				54FA80BF1BF13F1200B748E1 /* SPXPoliciesViewController.m */,
			);
			path = Events;
			sourceTree = "<group>";
		};
		54FA80C01BF13F1200B748E1 /* Passcode */ = {
			isa = PBXGroup;
			children = (
				54FA80C11BF13F1200B748E1 /* SPXAudio.h */,
				54FA80C21BF13F1200B748E1 /* SPXAudio.m */,
				54FA80C31BF13F1200B748E1 /* SPXPasscodeLayout.h */,
				54FA80C41BF13F1200B748E1 /* SPXPasscodeLayout.m */,
				54FA80C51BF13F1200B748E1 /* SPXPasscodeViewController.h */,
				54FA80C61BF13F1200B748E1 /* SPXPasscodeViewController.m */,
				54FA80C71BF13F1200B748E1 /* SPXSecureField.h */,
				54FA80C81BF13F1200B748E1 /* SPXSecureField.m */,
				54FA80C91BF13F1200B748E1 /* SPXSecureKeyCell.h */,
				54FA80CA1BF13F1200B748E1 /* SPXSecureKeyCell.m */,
				54FA80CB1BF13F1200B748E1 /* SPXSecureKeyCellBackground.h */,
				54FA80CC1BF13F1200B748E1 /* SPXSecureKeyCellBackground.m */,
			);
			path = Passcode;
			sourceTree = "<group>";
		};
		6003F581195388D10070C39A = {
			isa = PBXGroup;
			children = (
				54FA80A01BF13F1200B748E1 /* Classes */,
				60FF7A9C1954A5C5007DD14C /* Podspec Metadata */,
				6003F593195388D20070C39A /* Abracadabra */,
				6003F5B5195388D20070C39A /* Tests */,
				6003F58C195388D20070C39A /* Frameworks */,
				6003F58B195388D20070C39A /* Products */,
				B6FB37EC4DB2A3BDB1A4E244 /* Pods */,
			);
			sourceTree = "<group>";
		};
		6003F58B195388D20070C39A /* Products */ = {
			isa = PBXGroup;
			children = (
				6003F58A195388D20070C39A /* Abracadabra.app */,
				6003F5AE195388D20070C39A /* Tests.xctest */,
			);
			name = Products;
			sourceTree = "<group>";
		};
		6003F58C195388D20070C39A /* Frameworks */ = {
			isa = PBXGroup;
			children = (
				6003F58D195388D20070C39A /* Foundation.framework */,
				6003F58F195388D20070C39A /* CoreGraphics.framework */,
				6003F591195388D20070C39A /* UIKit.framework */,
				6003F5AF195388D20070C39A /* XCTest.framework */,
				0C1AE293DCFEE616A4940E69 /* Pods_Abracadabra.framework */,
				C69DC21437E3B153B4D9BD20 /* Pods_Tests.framework */,
			);
			name = Frameworks;
			sourceTree = "<group>";
		};
		6003F593195388D20070C39A /* Abracadabra */ = {
			isa = PBXGroup;
			children = (
				6003F59C195388D20070C39A /* SPXAppDelegate.h */,
				6003F59D195388D20070C39A /* SPXAppDelegate.m */,
				6003F59F195388D20070C39A /* Main_iPhone.storyboard */,
				6003F5A2195388D20070C39A /* Main_iPad.storyboard */,
				6003F5A5195388D20070C39A /* SPXViewController.h */,
				6003F5A6195388D20070C39A /* SPXViewController.m */,
				6003F5A8195388D20070C39A /* Images.xcassets */,
				6003F594195388D20070C39A /* Supporting Files */,
			);
			path = Abracadabra;
			sourceTree = "<group>";
		};
		6003F594195388D20070C39A /* Supporting Files */ = {
			isa = PBXGroup;
			children = (
				6003F595195388D20070C39A /* Abracadabra-Info.plist */,
				6003F596195388D20070C39A /* InfoPlist.strings */,
				6003F599195388D20070C39A /* main.m */,
				6003F59B195388D20070C39A /* Abracadabra-Prefix.pch */,
			);
			name = "Supporting Files";
			sourceTree = "<group>";
		};
		6003F5B5195388D20070C39A /* Tests */ = {
			isa = PBXGroup;
			children = (
				54140A521A7FBAE000A08BEF /* Abracadara */,
				6003F5B6195388D20070C39A /* Supporting Files */,
			);
			path = Tests;
			sourceTree = "<group>";
		};
		6003F5B6195388D20070C39A /* Supporting Files */ = {
			isa = PBXGroup;
			children = (
				6003F5B7195388D20070C39A /* Tests-Info.plist */,
				6003F5B8195388D20070C39A /* InfoPlist.strings */,
				606FC2411953D9B200FFA9A0 /* Tests-Prefix.pch */,
			);
			name = "Supporting Files";
			sourceTree = "<group>";
		};
		60FF7A9C1954A5C5007DD14C /* Podspec Metadata */ = {
			isa = PBXGroup;
			children = (
				A53C4D354471A9DB03E5187F /* Abracadabra.podspec */,
				C09D24DDB07EFAB59E5F4CE0 /* README.md */,
				6B4122DA84FB214E19F7C8D5 /* LICENSE */,
			);
			name = "Podspec Metadata";
			sourceTree = "<group>";
		};
		B6FB37EC4DB2A3BDB1A4E244 /* Pods */ = {
			isa = PBXGroup;
			children = (
				FED240D2AA812ACA0EDC359D /* Pods-Abracadabra.debug.xcconfig */,
				27EED8DF55D74A3F3F471B7B /* Pods-Abracadabra.release.xcconfig */,
				20599F836ED63AC5F429894A /* Pods-Tests.debug.xcconfig */,
				B218508F3532B05AF447796A /* Pods-Tests.release.xcconfig */,
			);
			name = Pods;
			sourceTree = "<group>";
		};
/* End PBXGroup section */

/* Begin PBXNativeTarget section */
		6003F589195388D20070C39A /* Abracadabra */ = {
			isa = PBXNativeTarget;
			buildConfigurationList = 6003F5BF195388D20070C39A /* Build configuration list for PBXNativeTarget "Abracadabra" */;
			buildPhases = (
				26ECD7A656590F94A485B1B8 /* [CP] Check Pods Manifest.lock */,
				6003F586195388D20070C39A /* Sources */,
				6003F587195388D20070C39A /* Frameworks */,
				6003F588195388D20070C39A /* Resources */,
				B8B6790A079D2532FFABCCCA /* [CP] Embed Pods Frameworks */,
				EA06B25C68C5D7091FB637A5 /* [CP] Copy Pods Resources */,
			);
			buildRules = (
			);
			dependencies = (
			);
			name = Abracadabra;
			productName = Abracadabra;
			productReference = 6003F58A195388D20070C39A /* Abracadabra.app */;
			productType = "com.apple.product-type.application";
		};
		6003F5AD195388D20070C39A /* Tests */ = {
			isa = PBXNativeTarget;
			buildConfigurationList = 6003F5C2195388D20070C39A /* Build configuration list for PBXNativeTarget "Tests" */;
			buildPhases = (
				ECF6DDE813AB03E52AB889F2 /* [CP] Check Pods Manifest.lock */,
				6003F5AA195388D20070C39A /* Sources */,
				6003F5AB195388D20070C39A /* Frameworks */,
				6003F5AC195388D20070C39A /* Resources */,
				135F5F1B610A219E37A12F82 /* [CP] Embed Pods Frameworks */,
				D4338EC8572357D20DA69BA7 /* [CP] Copy Pods Resources */,
			);
			buildRules = (
			);
			dependencies = (
				6003F5B4195388D20070C39A /* PBXTargetDependency */,
			);
			name = Tests;
			productName = AbracadabraTests;
			productReference = 6003F5AE195388D20070C39A /* Tests.xctest */;
			productType = "com.apple.product-type.bundle.unit-test";
		};
/* End PBXNativeTarget section */

/* Begin PBXProject section */
		6003F582195388D10070C39A /* Project object */ = {
			isa = PBXProject;
			attributes = {
				CLASSPREFIX = SPX;
				LastUpgradeCheck = 0820;
				ORGANIZATIONNAME = "Shaps Mohsenin";
				TargetAttributes = {
					6003F589195388D20070C39A = {
						DevelopmentTeam = V2CWYL9AN8;
					};
					6003F5AD195388D20070C39A = {
						TestTargetID = 6003F589195388D20070C39A;
					};
				};
			};
			buildConfigurationList = 6003F585195388D10070C39A /* Build configuration list for PBXProject "Abracadabra" */;
			compatibilityVersion = "Xcode 3.2";
			developmentRegion = English;
			hasScannedForEncodings = 0;
			knownRegions = (
				en,
				Base,
			);
			mainGroup = 6003F581195388D10070C39A;
			productRefGroup = 6003F58B195388D20070C39A /* Products */;
			projectDirPath = "";
			projectRoot = "";
			targets = (
				6003F589195388D20070C39A /* Abracadabra */,
				6003F5AD195388D20070C39A /* Tests */,
			);
		};
/* End PBXProject section */

/* Begin PBXResourcesBuildPhase section */
		6003F588195388D20070C39A /* Resources */ = {
			isa = PBXResourcesBuildPhase;
			buildActionMask = 2147483647;
			files = (
				6003F5A4195388D20070C39A /* Main_iPad.storyboard in Resources */,
				6003F5A9195388D20070C39A /* Images.xcassets in Resources */,
				6003F5A1195388D20070C39A /* Main_iPhone.storyboard in Resources */,
				6003F598195388D20070C39A /* InfoPlist.strings in Resources */,
			);
			runOnlyForDeploymentPostprocessing = 0;
		};
		6003F5AC195388D20070C39A /* Resources */ = {
			isa = PBXResourcesBuildPhase;
			buildActionMask = 2147483647;
			files = (
				6003F5BA195388D20070C39A /* InfoPlist.strings in Resources */,
			);
			runOnlyForDeploymentPostprocessing = 0;
		};
/* End PBXResourcesBuildPhase section */

/* Begin PBXShellScriptBuildPhase section */
		135F5F1B610A219E37A12F82 /* [CP] Embed Pods Frameworks */ = {
			isa = PBXShellScriptBuildPhase;
			buildActionMask = 2147483647;
			files = (
			);
			inputPaths = (
			);
			name = "[CP] Embed Pods Frameworks";
			outputPaths = (
			);
			runOnlyForDeploymentPostprocessing = 0;
			shellPath = /bin/sh;
			shellScript = "\"${SRCROOT}/Pods/Target Support Files/Pods-Tests/Pods-Tests-frameworks.sh\"\n";
			showEnvVarsInLog = 0;
		};
		26ECD7A656590F94A485B1B8 /* [CP] Check Pods Manifest.lock */ = {
			isa = PBXShellScriptBuildPhase;
			buildActionMask = 2147483647;
			files = (
			);
			inputPaths = (
			);
			name = "[CP] Check Pods Manifest.lock";
			outputPaths = (
			);
			runOnlyForDeploymentPostprocessing = 0;
			shellPath = /bin/sh;
			shellScript = "diff \"${PODS_ROOT}/../Podfile.lock\" \"${PODS_ROOT}/Manifest.lock\" > /dev/null\nif [ $? != 0 ] ; then\n    # print error to STDERR\n    echo \"error: The sandbox is not in sync with the Podfile.lock. Run 'pod install' or update your CocoaPods installation.\" >&2\n    exit 1\nfi\n";
			showEnvVarsInLog = 0;
		};
		B8B6790A079D2532FFABCCCA /* [CP] Embed Pods Frameworks */ = {
			isa = PBXShellScriptBuildPhase;
			buildActionMask = 2147483647;
			files = (
			);
			inputPaths = (
			);
			name = "[CP] Embed Pods Frameworks";
			outputPaths = (
			);
			runOnlyForDeploymentPostprocessing = 0;
			shellPath = /bin/sh;
			shellScript = "\"${SRCROOT}/Pods/Target Support Files/Pods-Abracadabra/Pods-Abracadabra-frameworks.sh\"\n";
			showEnvVarsInLog = 0;
		};
		D4338EC8572357D20DA69BA7 /* [CP] Copy Pods Resources */ = {
			isa = PBXShellScriptBuildPhase;
			buildActionMask = 2147483647;
			files = (
			);
			inputPaths = (
			);
			name = "[CP] Copy Pods Resources";
			outputPaths = (
			);
			runOnlyForDeploymentPostprocessing = 0;
			shellPath = /bin/sh;
			shellScript = "\"${SRCROOT}/Pods/Target Support Files/Pods-Tests/Pods-Tests-resources.sh\"\n";
			showEnvVarsInLog = 0;
		};
		EA06B25C68C5D7091FB637A5 /* [CP] Copy Pods Resources */ = {
			isa = PBXShellScriptBuildPhase;
			buildActionMask = 2147483647;
			files = (
			);
			inputPaths = (
			);
			name = "[CP] Copy Pods Resources";
			outputPaths = (
			);
			runOnlyForDeploymentPostprocessing = 0;
			shellPath = /bin/sh;
			shellScript = "\"${SRCROOT}/Pods/Target Support Files/Pods-Abracadabra/Pods-Abracadabra-resources.sh\"\n";
			showEnvVarsInLog = 0;
		};
		ECF6DDE813AB03E52AB889F2 /* [CP] Check Pods Manifest.lock */ = {
			isa = PBXShellScriptBuildPhase;
			buildActionMask = 2147483647;
			files = (
			);
			inputPaths = (
			);
			name = "[CP] Check Pods Manifest.lock";
			outputPaths = (
			);
			runOnlyForDeploymentPostprocessing = 0;
			shellPath = /bin/sh;
			shellScript = "diff \"${PODS_ROOT}/../Podfile.lock\" \"${PODS_ROOT}/Manifest.lock\" > /dev/null\nif [ $? != 0 ] ; then\n    # print error to STDERR\n    echo \"error: The sandbox is not in sync with the Podfile.lock. Run 'pod install' or update your CocoaPods installation.\" >&2\n    exit 1\nfi\n";
			showEnvVarsInLog = 0;
		};
/* End PBXShellScriptBuildPhase section */

/* Begin PBXSourcesBuildPhase section */
		6003F586195388D20070C39A /* Sources */ = {
			isa = PBXSourcesBuildPhase;
			buildActionMask = 2147483647;
			files = (
				6003F59E195388D20070C39A /* SPXAppDelegate.m in Sources */,
				6003F5A7195388D20070C39A /* SPXViewController.m in Sources */,
				6003F59A195388D20070C39A /* main.m in Sources */,
			);
			runOnlyForDeploymentPostprocessing = 0;
		};
		6003F5AA195388D20070C39A /* Sources */ = {
			isa = PBXSourcesBuildPhase;
			buildActionMask = 2147483647;
			files = (
				54140A511A7FBADA00A08BEF /* SPXSecurityTestClass.m in Sources */,
				546E07C01A7FADC400AEF796 /* SPXSecureEventsStoreSpec.m in Sources */,
			);
			runOnlyForDeploymentPostprocessing = 0;
		};
/* End PBXSourcesBuildPhase section */

/* Begin PBXTargetDependency section */
		6003F5B4195388D20070C39A /* PBXTargetDependency */ = {
			isa = PBXTargetDependency;
			target = 6003F589195388D20070C39A /* Abracadabra */;
			targetProxy = 6003F5B3195388D20070C39A /* PBXContainerItemProxy */;
		};
/* End PBXTargetDependency section */

/* Begin PBXVariantGroup section */
		6003F596195388D20070C39A /* InfoPlist.strings */ = {
			isa = PBXVariantGroup;
			children = (
				6003F597195388D20070C39A /* en */,
			);
			name = InfoPlist.strings;
			sourceTree = "<group>";
		};
		6003F59F195388D20070C39A /* Main_iPhone.storyboard */ = {
			isa = PBXVariantGroup;
			children = (
				6003F5A0195388D20070C39A /* Base */,
			);
			name = Main_iPhone.storyboard;
			sourceTree = "<group>";
		};
		6003F5A2195388D20070C39A /* Main_iPad.storyboard */ = {
			isa = PBXVariantGroup;
			children = (
				6003F5A3195388D20070C39A /* Base */,
			);
			name = Main_iPad.storyboard;
			sourceTree = "<group>";
		};
		6003F5B8195388D20070C39A /* InfoPlist.strings */ = {
			isa = PBXVariantGroup;
			children = (
				6003F5B9195388D20070C39A /* en */,
			);
			name = InfoPlist.strings;
			sourceTree = "<group>";
		};
/* End PBXVariantGroup section */

/* Begin XCBuildConfiguration section */
		6003F5BD195388D20070C39A /* Debug */ = {
			isa = XCBuildConfiguration;
			buildSettings = {
				CLANG_CXX_LANGUAGE_STANDARD = "gnu++0x";
				CLANG_CXX_LIBRARY = "libc++";
				CLANG_ENABLE_MODULES = YES;
				CLANG_ENABLE_OBJC_ARC = YES;
				CLANG_WARN_BOOL_CONVERSION = YES;
				CLANG_WARN_CONSTANT_CONVERSION = YES;
				CLANG_WARN_DIRECT_OBJC_ISA_USAGE = YES_ERROR;
				CLANG_WARN_EMPTY_BODY = YES;
				CLANG_WARN_ENUM_CONVERSION = YES;
				CLANG_WARN_INFINITE_RECURSION = YES;
				CLANG_WARN_INT_CONVERSION = YES;
				CLANG_WARN_OBJC_ROOT_CLASS = YES_ERROR;
				CLANG_WARN_SUSPICIOUS_MOVE = YES;
				CLANG_WARN_UNREACHABLE_CODE = YES;
				CLANG_WARN__DUPLICATE_METHOD_MATCH = YES;
				"CODE_SIGN_IDENTITY[sdk=iphoneos*]" = "iPhone Developer";
				COPY_PHASE_STRIP = NO;
				ENABLE_STRICT_OBJC_MSGSEND = YES;
				ENABLE_TESTABILITY = YES;
				GCC_C_LANGUAGE_STANDARD = gnu99;
				GCC_DYNAMIC_NO_PIC = NO;
				GCC_NO_COMMON_BLOCKS = YES;
				GCC_OPTIMIZATION_LEVEL = 0;
				GCC_PREPROCESSOR_DEFINITIONS = (
					"DEBUG=1",
					"$(inherited)",
				);
				GCC_SYMBOLS_PRIVATE_EXTERN = NO;
				GCC_WARN_64_TO_32_BIT_CONVERSION = YES;
				GCC_WARN_ABOUT_RETURN_TYPE = YES_ERROR;
				GCC_WARN_UNDECLARED_SELECTOR = YES;
				GCC_WARN_UNINITIALIZED_AUTOS = YES_AGGRESSIVE;
				GCC_WARN_UNUSED_FUNCTION = YES;
				GCC_WARN_UNUSED_VARIABLE = YES;
				IPHONEOS_DEPLOYMENT_TARGET = 8.0;
				ONLY_ACTIVE_ARCH = YES;
				SDKROOT = iphoneos;
				TARGETED_DEVICE_FAMILY = "1,2";
			};
			name = Debug;
		};
		6003F5BE195388D20070C39A /* Release */ = {
			isa = XCBuildConfiguration;
			buildSettings = {
				CLANG_CXX_LANGUAGE_STANDARD = "gnu++0x";
				CLANG_CXX_LIBRARY = "libc++";
				CLANG_ENABLE_MODULES = YES;
				CLANG_ENABLE_OBJC_ARC = YES;
				CLANG_WARN_BOOL_CONVERSION = YES;
				CLANG_WARN_CONSTANT_CONVERSION = YES;
				CLANG_WARN_DIRECT_OBJC_ISA_USAGE = YES_ERROR;
				CLANG_WARN_EMPTY_BODY = YES;
				CLANG_WARN_ENUM_CONVERSION = YES;
				CLANG_WARN_INFINITE_RECURSION = YES;
				CLANG_WARN_INT_CONVERSION = YES;
				CLANG_WARN_OBJC_ROOT_CLASS = YES_ERROR;
				CLANG_WARN_SUSPICIOUS_MOVE = YES;
				CLANG_WARN_UNREACHABLE_CODE = YES;
				CLANG_WARN__DUPLICATE_METHOD_MATCH = YES;
				"CODE_SIGN_IDENTITY[sdk=iphoneos*]" = "iPhone Developer";
				COPY_PHASE_STRIP = YES;
				ENABLE_NS_ASSERTIONS = NO;
				ENABLE_STRICT_OBJC_MSGSEND = YES;
				GCC_C_LANGUAGE_STANDARD = gnu99;
				GCC_NO_COMMON_BLOCKS = YES;
				GCC_WARN_64_TO_32_BIT_CONVERSION = YES;
				GCC_WARN_ABOUT_RETURN_TYPE = YES_ERROR;
				GCC_WARN_UNDECLARED_SELECTOR = YES;
				GCC_WARN_UNINITIALIZED_AUTOS = YES_AGGRESSIVE;
				GCC_WARN_UNUSED_FUNCTION = YES;
				GCC_WARN_UNUSED_VARIABLE = YES;
				IPHONEOS_DEPLOYMENT_TARGET = 8.0;
				SDKROOT = iphoneos;
				TARGETED_DEVICE_FAMILY = "1,2";
				VALIDATE_PRODUCT = YES;
			};
			name = Release;
		};
		6003F5C0195388D20070C39A /* Debug */ = {
			isa = XCBuildConfiguration;
			baseConfigurationReference = FED240D2AA812ACA0EDC359D /* Pods-Abracadabra.debug.xcconfig */;
			buildSettings = {
				ASSETCATALOG_COMPILER_APPICON_NAME = AppIcon;
				ASSETCATALOG_COMPILER_LAUNCHIMAGE_NAME = LaunchImage;
				DEVELOPMENT_TEAM = V2CWYL9AN8;
				GCC_PRECOMPILE_PREFIX_HEADER = YES;
				GCC_PREFIX_HEADER = "Abracadabra/Abracadabra-Prefix.pch";
				INFOPLIST_FILE = "Abracadabra/Abracadabra-Info.plist";
				PRODUCT_BUNDLE_IDENTIFIER = uk.co.snippex.ios.Abracadabra;
				PRODUCT_NAME = "$(TARGET_NAME)";
				WRAPPER_EXTENSION = app;
			};
			name = Debug;
		};
		6003F5C1195388D20070C39A /* Release */ = {
			isa = XCBuildConfiguration;
			baseConfigurationReference = 27EED8DF55D74A3F3F471B7B /* Pods-Abracadabra.release.xcconfig */;
			buildSettings = {
				ASSETCATALOG_COMPILER_APPICON_NAME = AppIcon;
				ASSETCATALOG_COMPILER_LAUNCHIMAGE_NAME = LaunchImage;
				DEVELOPMENT_TEAM = V2CWYL9AN8;
				GCC_PRECOMPILE_PREFIX_HEADER = YES;
				GCC_PREFIX_HEADER = "Abracadabra/Abracadabra-Prefix.pch";
				INFOPLIST_FILE = "Abracadabra/Abracadabra-Info.plist";
				PRODUCT_BUNDLE_IDENTIFIER = uk.co.snippex.ios.Abracadabra;
				PRODUCT_NAME = "$(TARGET_NAME)";
				WRAPPER_EXTENSION = app;
			};
			name = Release;
		};
		6003F5C3195388D20070C39A /* Debug */ = {
			isa = XCBuildConfiguration;
			baseConfigurationReference = 20599F836ED63AC5F429894A /* Pods-Tests.debug.xcconfig */;
			buildSettings = {
				BUNDLE_LOADER = "$(BUILT_PRODUCTS_DIR)/Abracadabra.app/Abracadabra";
				GCC_PRECOMPILE_PREFIX_HEADER = YES;
				GCC_PREFIX_HEADER = "Tests/Tests-Prefix.pch";
				GCC_PREPROCESSOR_DEFINITIONS = (
					"DEBUG=1",
					"$(inherited)",
				);
				INFOPLIST_FILE = "Tests/Tests-Info.plist";
				PRODUCT_BUNDLE_IDENTIFIER = "org.cocoapods.demo.${PRODUCT_NAME:rfc1034identifier}";
				PRODUCT_NAME = "$(TARGET_NAME)";
				TEST_HOST = "$(BUNDLE_LOADER)";
				WRAPPER_EXTENSION = xctest;
			};
			name = Debug;
		};
		6003F5C4195388D20070C39A /* Release */ = {
			isa = XCBuildConfiguration;
			baseConfigurationReference = B218508F3532B05AF447796A /* Pods-Tests.release.xcconfig */;
			buildSettings = {
				BUNDLE_LOADER = "$(BUILT_PRODUCTS_DIR)/Abracadabra.app/Abracadabra";
				GCC_PRECOMPILE_PREFIX_HEADER = YES;
				GCC_PREFIX_HEADER = "Tests/Tests-Prefix.pch";
				INFOPLIST_FILE = "Tests/Tests-Info.plist";
				PRODUCT_BUNDLE_IDENTIFIER = "org.cocoapods.demo.${PRODUCT_NAME:rfc1034identifier}";
				PRODUCT_NAME = "$(TARGET_NAME)";
				TEST_HOST = "$(BUNDLE_LOADER)";
				WRAPPER_EXTENSION = xctest;
			};
			name = Release;
		};
/* End XCBuildConfiguration section */

/* Begin XCConfigurationList section */
		6003F585195388D10070C39A /* Build configuration list for PBXProject "Abracadabra" */ = {
			isa = XCConfigurationList;
			buildConfigurations = (
				6003F5BD195388D20070C39A /* Debug */,
				6003F5BE195388D20070C39A /* Release */,
			);
			defaultConfigurationIsVisible = 0;
			defaultConfigurationName = Release;
		};
		6003F5BF195388D20070C39A /* Build configuration list for PBXNativeTarget "Abracadabra" */ = {
			isa = XCConfigurationList;
			buildConfigurations = (
				6003F5C0195388D20070C39A /* Debug */,
				6003F5C1195388D20070C39A /* Release */,
			);
			defaultConfigurationIsVisible = 0;
			defaultConfigurationName = Release;
		};
		6003F5C2195388D20070C39A /* Build configuration list for PBXNativeTarget "Tests" */ = {
			isa = XCConfigurationList;
			buildConfigurations = (
				6003F5C3195388D20070C39A /* Debug */,
				6003F5C4195388D20070C39A /* Release */,
			);
			defaultConfigurationIsVisible = 0;
			defaultConfigurationName = Release;
		};
/* End XCConfigurationList section */
	};
	rootObject = 6003F582195388D10070C39A /* Project object */;
}
